
Microsoft Visual Studio Solution File, Format Version 12.00
# Visual Studio Version 16
VisualStudioVersion = 16.0.31515.178
MinimumVisualStudioVersion = 10.0.40219.1
Project("{8BC9CEB8-8B4A-11D0-8D11-00A0C91BC942}") = "Project26", "Project26\Project26.vcxproj", "{731100F0-5352-497D-AA7A-D94E07B8D71D}"
EndProject
Global
	GlobalSection(SolutionConfigurationPlatforms) = preSolution
		Debug|x64 = Debug|x64
		Debug|x86 = Debug|x86
		Release|x64 = Release|x64
		Release|x86 = Release|x86
	EndGlobalSection
	GlobalSection(ProjectConfigurationPlatforms) = postSolution
		{731100F0-5352-497D-AA7A-D94E07B8D71D}.Debug|x64.ActiveCfg = Debug|x64
		{731100F0-5352-497D-AA7A-D94E07B8D71D}.Debug|x64.Build.0 = Debug|x64
		{731100F0-5352-497D-AA7A-D94E07B8D71D}.Debug|x86.ActiveCfg = Debug|Win32
		{731100F0-5352-497D-AA7A-D94E07B8D71D}.Debug|x86.Build.0 = Debug|Win32
		{731100F0-5352-497D-AA7A-D94E07B8D71D}.Release|x64.ActiveCfg = Release|x64
		{731100F0-5352-497D-AA7A-D94E07B8D71D}.Release|x64.Build.0 = Release|x64
		{731100F0-5352-497D-AA7A-D94E07B8D71D}.Release|x86.ActiveCfg = Release|Win32
		{731100F0-5352-497D-AA7A-D94E07B8D71D}.Release|x86.Build.0 = Release|Win32
	EndGlobalSection
	GlobalSection(SolutionProperties) = preSolution
		HideSolutionNode = FALSE
	EndGlobalSection
	GlobalSection(ExtensibilityGlobals) = postSolution
		SolutionGuid = {C3D2F77A-DAB4-487F-9C17-EE74614BE706}
	EndGlobalSection
EndGlobal
